
Microsoft Visual Studio Solution File, Format Version 12.00
# Blend for Visual Studio Version 16
VisualStudioVersion = 16.0.31911.196
MinimumVisualStudioVersion = 10.0.40219.1
Project("{FAE04EC0-301F-11D3-BF4B-00C04F79EFBC}") = "Wrapping your Listbox", "Wrapping your Listbox\Wrapping your Listbox.csproj", "{F30EB542-42D8-4299-9D07-5DC437FAFD86}"
EndProject
Global
	GlobalSection(SolutionConfigurationPlatforms) = preSolution
		Debug|Any CPU = Debug|Any CPU
		Release|Any CPU = Release|Any CPU
	EndGlobalSection
	GlobalSection(ProjectConfigurationPlatforms) = postSolution
		{F30EB542-42D8-4299-9D07-5DC437FAFD86}.Debug|Any CPU.ActiveCfg = Debug|Any CPU
		{F30EB542-42D8-4299-9D07-5DC437FAFD86}.Debug|Any CPU.Build.0 = Debug|Any CPU
		{F30EB542-42D8-4299-9D07-5DC437FAFD86}.Release|Any CPU.ActiveCfg = Release|Any CPU
		{F30EB542-42D8-4299-9D07-5DC437FAFD86}.Release|Any CPU.Build.0 = Release|Any CPU
	EndGlobalSection
	GlobalSection(SolutionProperties) = preSolution
		HideSolutionNode = FALSE
	EndGlobalSection
	GlobalSection(ExtensibilityGlobals) = postSolution
		SolutionGuid = {B0BD43D6-2931-406C-9E72-959B0BB6F0EC}
	EndGlobalSection
EndGlobal
